
Microsoft Visual Studio Solution File, Format Version 12.00
# Visual Studio Version 17
VisualStudioVersion = 17.5.002.0
MinimumVisualStudioVersion = 10.0.40219.1
Project("{9A19103F-16F7-4668-BE54-9A1E7A4F7556}") = "App", "App\App.csproj", "{D3D5E05B-0F80-4B67-8CBB-DF3635ECD113}"
EndProject
Project("{FAE04EC0-301F-11D3-BF4B-00C04F79EFBC}") = "App.Tests", "App.Tests\App.Tests.csproj", "{EB2A677E-4932-4827-A212-5F5953C5E06C}"
EndProject
Global
	GlobalSection(SolutionConfigurationPlatforms) = preSolution
		Debug|Any CPU = Debug|Any CPU
		Release|Any CPU = Release|Any CPU
	EndGlobalSection
	GlobalSection(ProjectConfigurationPlatforms) = postSolution
		{D3D5E05B-0F80-4B67-8CBB-DF3635ECD113}.Debug|Any CPU.ActiveCfg = Debug|Any CPU
		{D3D5E05B-0F80-4B67-8CBB-DF3635ECD113}.Debug|Any CPU.Build.0 = Debug|Any CPU
		{D3D5E05B-0F80-4B67-8CBB-DF3635ECD113}.Release|Any CPU.ActiveCfg = Release|Any CPU
		{D3D5E05B-0F80-4B67-8CBB-DF3635ECD113}.Release|Any CPU.Build.0 = Release|Any CPU
		{EB2A677E-4932-4827-A212-5F5953C5E06C}.Debug|Any CPU.ActiveCfg = Debug|Any CPU
		{EB2A677E-4932-4827-A212-5F5953C5E06C}.Debug|Any CPU.Build.0 = Debug|Any CPU
		{EB2A677E-4932-4827-A212-5F5953C5E06C}.Release|Any CPU.ActiveCfg = Release|Any CPU
		{EB2A677E-4932-4827-A212-5F5953C5E06C}.Release|Any CPU.Build.0 = Release|Any CPU
	EndGlobalSection
	GlobalSection(SolutionProperties) = preSolution
		HideSolutionNode = FALSE
	EndGlobalSection
	GlobalSection(ExtensibilityGlobals) = postSolution
		SolutionGuid = {695EDD54-9970-46AE-9E4F-DCF363A5D682}
	EndGlobalSection
EndGlobal
